
Microsoft Visual Studio Solution File, Format Version 12.00
# Visual Studio Version 16
VisualStudioVersion = 16.0.809.2
MinimumVisualStudioVersion = 10.0.40219.1
Project("{FAE04EC0-301F-11D3-BF4B-00C04F79EFBC}") = "SymbolExporter", "SymbolExporter\SymbolExporter.csproj", "{C7FC2F0A-2EA4-4DE2-B0DC-96EB4584495A}"
EndProject
Global
	GlobalSection(SolutionConfigurationPlatforms) = preSolution
		Debug|Any CPU = Debug|Any CPU
		Release|Any CPU = Release|Any CPU
	EndGlobalSection
	GlobalSection(ProjectConfigurationPlatforms) = postSolution
		{C7FC2F0A-2EA4-4DE2-B0DC-96EB4584495A}.Debug|Any CPU.ActiveCfg = Debug|Any CPU
		{C7FC2F0A-2EA4-4DE2-B0DC-96EB4584495A}.Debug|Any CPU.Build.0 = Debug|Any CPU
		{C7FC2F0A-2EA4-4DE2-B0DC-96EB4584495A}.Release|Any CPU.ActiveCfg = Release|Any CPU
		{C7FC2F0A-2EA4-4DE2-B0DC-96EB4584495A}.Release|Any CPU.Build.0 = Release|Any CPU
	EndGlobalSection
	GlobalSection(SolutionProperties) = preSolution
		HideSolutionNode = FALSE
	EndGlobalSection
	GlobalSection(ExtensibilityGlobals) = postSolution
		SolutionGuid = {1A531D4A-9E03-43BC-8595-03F35819BBE9}
	EndGlobalSection
EndGlobal
